// !$*UTF8*$!
{
	archiveVersion = 1;
	classes = {
	};
	objectVersion = 50;
	objects = {

/* Begin PBXBuildFile section */
		997DEC9BFE6D3B059AC85C88 /* Pods_RxExamples.framework in Frameworks */ = {isa = PBXBuildFile; fileRef = 34AFA20E79C0E148422A7670 /* Pods_RxExamples.framework */; };
		E373DE8DFB244190B63F7790 /* Pods_RxExamplesTests.framework in Frameworks */ = {isa = PBXBuildFile; fileRef = 17F765ED90C1D151C985FEF4 /* Pods_RxExamplesTests.framework */; };
		F53327C420A5266B00CEF64F /* AppDelegate.swift in Sources */ = {isa = PBXBuildFile; fileRef = F53327C320A5266B00CEF64F /* AppDelegate.swift */; };
		F53327C920A5266B00CEF64F /* Main.storyboard in Resources */ = {isa = PBXBuildFile; fileRef = F53327C720A5266B00CEF64F /* Main.storyboard */; };
		F53327CB20A5266C00CEF64F /* Assets.xcassets in Resources */ = {isa = PBXBuildFile; fileRef = F53327CA20A5266C00CEF64F /* Assets.xcassets */; };
		F53327CE20A5266C00CEF64F /* LaunchScreen.storyboard in Resources */ = {isa = PBXBuildFile; fileRef = F53327CC20A5266C00CEF64F /* LaunchScreen.storyboard */; };
		F53327D920A5266C00CEF64F /* AdderTests.swift in Sources */ = {isa = PBXBuildFile; fileRef = F53327D820A5266C00CEF64F /* AdderTests.swift */; };
		F550611C20AB855000E072CF /* TestScheduler+Extensions.swift in Sources */ = {isa = PBXBuildFile; fileRef = F550611B20AB855000E072CF /* TestScheduler+Extensions.swift */; };
		F550611F20AB860500E072CF /* BaseTestCase.swift in Sources */ = {isa = PBXBuildFile; fileRef = F550611E20AB860500E072CF /* BaseTestCase.swift */; };
		F568813220B30FD700E2CFE2 /* Pokemon.storyboard in Resources */ = {isa = PBXBuildFile; fileRef = F568813120B30FD700E2CFE2 /* Pokemon.storyboard */; };
		F568813420B30FEE00E2CFE2 /* PokemonViewController.swift in Sources */ = {isa = PBXBuildFile; fileRef = F568813320B30FED00E2CFE2 /* PokemonViewController.swift */; };
		F568813620B3101100E2CFE2 /* PokemonViewModel.swift in Sources */ = {isa = PBXBuildFile; fileRef = F568813520B3101100E2CFE2 /* PokemonViewModel.swift */; };
		F568813820B3101800E2CFE2 /* PokemonUI.swift in Sources */ = {isa = PBXBuildFile; fileRef = F568813720B3101800E2CFE2 /* PokemonUI.swift */; };
		F568813A20B3136F00E2CFE2 /* PokemonAPI.swift in Sources */ = {isa = PBXBuildFile; fileRef = F568813920B3136F00E2CFE2 /* PokemonAPI.swift */; };
		F57E90A620AA22FA008FF025 /* ValidationTests.swift in Sources */ = {isa = PBXBuildFile; fileRef = F57E90A520AA22FA008FF025 /* ValidationTests.swift */; };
		F593889120A5358700EF362B /* UILabel+Extensions.swift in Sources */ = {isa = PBXBuildFile; fileRef = F593889020A5358700EF362B /* UILabel+Extensions.swift */; };
		F593889320A5390B00EF362B /* ValidationViewModel.swift in Sources */ = {isa = PBXBuildFile; fileRef = F593889220A5390B00EF362B /* ValidationViewModel.swift */; };
		F593889620A545DB00EF362B /* ValidationUI.swift in Sources */ = {isa = PBXBuildFile; fileRef = F593889520A545DB00EF362B /* ValidationUI.swift */; };
		F593889820A5481A00EF362B /* UIButton+Extensions.swift in Sources */ = {isa = PBXBuildFile; fileRef = F593889720A5481A00EF362B /* UIButton+Extensions.swift */; };
		F593889A20A54BB800EF362B /* BaseViewController.swift in Sources */ = {isa = PBXBuildFile; fileRef = F593889920A54BB800EF362B /* BaseViewController.swift */; };
		F593889D20A54CC100EF362B /* AdderUI.swift in Sources */ = {isa = PBXBuildFile; fileRef = F593889C20A54CC100EF362B /* AdderUI.swift */; };
		F5A3C6E220A66898001C9AA9 /* CounterViewController.swift in Sources */ = {isa = PBXBuildFile; fileRef = F5A3C6E120A66898001C9AA9 /* CounterViewController.swift */; };
		F5A3C6E420A668C3001C9AA9 /* Counter.storyboard in Resources */ = {isa = PBXBuildFile; fileRef = F5A3C6E320A668C3001C9AA9 /* Counter.storyboard */; };
		F5A3C6E720A67D60001C9AA9 /* CounterUI.swift in Sources */ = {isa = PBXBuildFile; fileRef = F5A3C6E620A67D60001C9AA9 /* CounterUI.swift */; };
		F5A3C6E920A67E06001C9AA9 /* CounterViewModel.swift in Sources */ = {isa = PBXBuildFile; fileRef = F5A3C6E820A67E06001C9AA9 /* CounterViewModel.swift */; };
		F5A3C6ED20A682F3001C9AA9 /* CounterFeedback.swift in Sources */ = {isa = PBXBuildFile; fileRef = F5A3C6EC20A682F2001C9AA9 /* CounterFeedback.swift */; };
		F5A3C6EF20A68F65001C9AA9 /* Observable+Extensions.swift in Sources */ = {isa = PBXBuildFile; fileRef = F5A3C6EE20A68F65001C9AA9 /* Observable+Extensions.swift */; };
		F5C79F3320A87B130036FBD3 /* SimpleTableViewController.swift in Sources */ = {isa = PBXBuildFile; fileRef = F5C79F3220A87B130036FBD3 /* SimpleTableViewController.swift */; };
		F5C79F3520A87B3C0036FBD3 /* SimpleTable.storyboard in Resources */ = {isa = PBXBuildFile; fileRef = F5C79F3420A87B3C0036FBD3 /* SimpleTable.storyboard */; };
		F5C79F3720A8AD420036FBD3 /* SimpleTableViewModel.swift in Sources */ = {isa = PBXBuildFile; fileRef = F5C79F3620A8AD420036FBD3 /* SimpleTableViewModel.swift */; };
		F5E8DB8020A528B200602E84 /* ViewModelType.swift in Sources */ = {isa = PBXBuildFile; fileRef = F5E8DB7A20A528B100602E84 /* ViewModelType.swift */; };
		F5E8DB8120A528B200602E84 /* AdderViewModel.swift in Sources */ = {isa = PBXBuildFile; fileRef = F5E8DB7D20A528B200602E84 /* AdderViewModel.swift */; };
		F5E8DB8220A528B200602E84 /* AdderViewController.swift in Sources */ = {isa = PBXBuildFile; fileRef = F5E8DB7E20A528B200602E84 /* AdderViewController.swift */; };
		F5E8DB8320A528B200602E84 /* Adder.storyboard in Resources */ = {isa = PBXBuildFile; fileRef = F5E8DB7F20A528B200602E84 /* Adder.storyboard */; };
		F5E8DB8720A52A0900602E84 /* Validation.storyboard in Resources */ = {isa = PBXBuildFile; fileRef = F5E8DB8620A52A0900602E84 /* Validation.storyboard */; };
		F5E8DB8920A52BD400602E84 /* ValidationViewController.swift in Sources */ = {isa = PBXBuildFile; fileRef = F5E8DB8820A52BD400602E84 /* ValidationViewController.swift */; };
/* End PBXBuildFile section */

/* Begin PBXContainerItemProxy section */
		F53327D520A5266C00CEF64F /* PBXContainerItemProxy */ = {
			isa = PBXContainerItemProxy;
			containerPortal = F53327B820A5266B00CEF64F /* Project object */;
			proxyType = 1;
			remoteGlobalIDString = F53327BF20A5266B00CEF64F;
			remoteInfo = RxExamples;
		};
/* End PBXContainerItemProxy section */

/* Begin PBXFileReference section */
		17F765ED90C1D151C985FEF4 /* Pods_RxExamplesTests.framework */ = {isa = PBXFileReference; explicitFileType = wrapper.framework; includeInIndex = 0; path = Pods_RxExamplesTests.framework; sourceTree = BUILT_PRODUCTS_DIR; };
		34AFA20E79C0E148422A7670 /* Pods_RxExamples.framework */ = {isa = PBXFileReference; explicitFileType = wrapper.framework; includeInIndex = 0; path = Pods_RxExamples.framework; sourceTree = BUILT_PRODUCTS_DIR; };
		9CB40E325308B7DB67E26C72 /* Pods-RxExamples.debug.xcconfig */ = {isa = PBXFileReference; includeInIndex = 1; lastKnownFileType = text.xcconfig; name = "Pods-RxExamples.debug.xcconfig"; path = "Pods/Target Support Files/Pods-RxExamples/Pods-RxExamples.debug.xcconfig"; sourceTree = "<group>"; };
		BD9AEA3C93F4A48C1530920C /* Pods-RxExamples.release.xcconfig */ = {isa = PBXFileReference; includeInIndex = 1; lastKnownFileType = text.xcconfig; name = "Pods-RxExamples.release.xcconfig"; path = "Pods/Target Support Files/Pods-RxExamples/Pods-RxExamples.release.xcconfig"; sourceTree = "<group>"; };
		E841AE4227E1307CAFD8D77C /* Pods-RxExamplesTests.debug.xcconfig */ = {isa = PBXFileReference; includeInIndex = 1; lastKnownFileType = text.xcconfig; name = "Pods-RxExamplesTests.debug.xcconfig"; path = "Pods/Target Support Files/Pods-RxExamplesTests/Pods-RxExamplesTests.debug.xcconfig"; sourceTree = "<group>"; };
		F2B62AE331BB5932A31EFE89 /* Pods-RxExamplesTests.release.xcconfig */ = {isa = PBXFileReference; includeInIndex = 1; lastKnownFileType = text.xcconfig; name = "Pods-RxExamplesTests.release.xcconfig"; path = "Pods/Target Support Files/Pods-RxExamplesTests/Pods-RxExamplesTests.release.xcconfig"; sourceTree = "<group>"; };
		F53327C020A5266B00CEF64F /* RxExamples.app */ = {isa = PBXFileReference; explicitFileType = wrapper.application; includeInIndex = 0; path = RxExamples.app; sourceTree = BUILT_PRODUCTS_DIR; };
		F53327C320A5266B00CEF64F /* AppDelegate.swift */ = {isa = PBXFileReference; lastKnownFileType = sourcecode.swift; path = AppDelegate.swift; sourceTree = "<group>"; };
		F53327C820A5266B00CEF64F /* Base */ = {isa = PBXFileReference; lastKnownFileType = file.storyboard; name = Base; path = Base.lproj/Main.storyboard; sourceTree = "<group>"; };
		F53327CA20A5266C00CEF64F /* Assets.xcassets */ = {isa = PBXFileReference; lastKnownFileType = folder.assetcatalog; path = Assets.xcassets; sourceTree = "<group>"; };
		F53327CD20A5266C00CEF64F /* Base */ = {isa = PBXFileReference; lastKnownFileType = file.storyboard; name = Base; path = Base.lproj/LaunchScreen.storyboard; sourceTree = "<group>"; };
		F53327CF20A5266C00CEF64F /* Info.plist */ = {isa = PBXFileReference; lastKnownFileType = text.plist.xml; path = Info.plist; sourceTree = "<group>"; };
		F53327D420A5266C00CEF64F /* RxExamplesTests.xctest */ = {isa = PBXFileReference; explicitFileType = wrapper.cfbundle; includeInIndex = 0; path = RxExamplesTests.xctest; sourceTree = BUILT_PRODUCTS_DIR; };
		F53327D820A5266C00CEF64F /* AdderTests.swift */ = {isa = PBXFileReference; lastKnownFileType = sourcecode.swift; path = AdderTests.swift; sourceTree = "<group>"; };
		F53327DA20A5266C00CEF64F /* Info.plist */ = {isa = PBXFileReference; lastKnownFileType = text.plist.xml; path = Info.plist; sourceTree = "<group>"; };
		F550611B20AB855000E072CF /* TestScheduler+Extensions.swift */ = {isa = PBXFileReference; lastKnownFileType = sourcecode.swift; path = "TestScheduler+Extensions.swift"; sourceTree = "<group>"; };
		F550611E20AB860500E072CF /* BaseTestCase.swift */ = {isa = PBXFileReference; lastKnownFileType = sourcecode.swift; path = BaseTestCase.swift; sourceTree = "<group>"; };
		F568813120B30FD700E2CFE2 /* Pokemon.storyboard */ = {isa = PBXFileReference; lastKnownFileType = file.storyboard; path = Pokemon.storyboard; sourceTree = "<group>"; };
		F568813320B30FED00E2CFE2 /* PokemonViewController.swift */ = {isa = PBXFileReference; lastKnownFileType = sourcecode.swift; path = PokemonViewController.swift; sourceTree = "<group>"; };
		F568813520B3101100E2CFE2 /* PokemonViewModel.swift */ = {isa = PBXFileReference; lastKnownFileType = sourcecode.swift; path = PokemonViewModel.swift; sourceTree = "<group>"; };
		F568813720B3101800E2CFE2 /* PokemonUI.swift */ = {isa = PBXFileReference; lastKnownFileType = sourcecode.swift; path = PokemonUI.swift; sourceTree = "<group>"; };
		F568813920B3136F00E2CFE2 /* PokemonAPI.swift */ = {isa = PBXFileReference; lastKnownFileType = sourcecode.swift; path = PokemonAPI.swift; sourceTree = "<group>"; };
		F57E90A520AA22FA008FF025 /* ValidationTests.swift */ = {isa = PBXFileReference; lastKnownFileType = sourcecode.swift; path = ValidationTests.swift; sourceTree = "<group>"; };
		F593889020A5358700EF362B /* UILabel+Extensions.swift */ = {isa = PBXFileReference; lastKnownFileType = sourcecode.swift; path = "UILabel+Extensions.swift"; sourceTree = "<group>"; };
		F593889220A5390B00EF362B /* ValidationViewModel.swift */ = {isa = PBXFileReference; lastKnownFileType = sourcecode.swift; path = ValidationViewModel.swift; sourceTree = "<group>"; };
		F593889520A545DB00EF362B /* ValidationUI.swift */ = {isa = PBXFileReference; lastKnownFileType = sourcecode.swift; path = ValidationUI.swift; sourceTree = "<group>"; };
		F593889720A5481A00EF362B /* UIButton+Extensions.swift */ = {isa = PBXFileReference; lastKnownFileType = sourcecode.swift; path = "UIButton+Extensions.swift"; sourceTree = "<group>"; };
		F593889920A54BB800EF362B /* BaseViewController.swift */ = {isa = PBXFileReference; lastKnownFileType = sourcecode.swift; path = BaseViewController.swift; sourceTree = "<group>"; };
		F593889C20A54CC100EF362B /* AdderUI.swift */ = {isa = PBXFileReference; lastKnownFileType = sourcecode.swift; path = AdderUI.swift; sourceTree = "<group>"; };
		F5A3C6E120A66898001C9AA9 /* CounterViewController.swift */ = {isa = PBXFileReference; lastKnownFileType = sourcecode.swift; path = CounterViewController.swift; sourceTree = "<group>"; };
		F5A3C6E320A668C3001C9AA9 /* Counter.storyboard */ = {isa = PBXFileReference; lastKnownFileType = file.storyboard; path = Counter.storyboard; sourceTree = "<group>"; };
		F5A3C6E620A67D60001C9AA9 /* CounterUI.swift */ = {isa = PBXFileReference; lastKnownFileType = sourcecode.swift; path = CounterUI.swift; sourceTree = "<group>"; };
		F5A3C6E820A67E06001C9AA9 /* CounterViewModel.swift */ = {isa = PBXFileReference; lastKnownFileType = sourcecode.swift; path = CounterViewModel.swift; sourceTree = "<group>"; };
		F5A3C6EC20A682F2001C9AA9 /* CounterFeedback.swift */ = {isa = PBXFileReference; lastKnownFileType = sourcecode.swift; path = CounterFeedback.swift; sourceTree = "<group>"; };
		F5A3C6EE20A68F65001C9AA9 /* Observable+Extensions.swift */ = {isa = PBXFileReference; lastKnownFileType = sourcecode.swift; name = "Observable+Extensions.swift"; path = "/Users/jamesbouker/Documents/RxSwift_My_Examples/RxExamples/Extensions/Observable+Extensions.swift"; sourceTree = "<absolute>"; };
		F5C79F3220A87B130036FBD3 /* SimpleTableViewController.swift */ = {isa = PBXFileReference; lastKnownFileType = sourcecode.swift; path = SimpleTableViewController.swift; sourceTree = "<group>"; };
		F5C79F3420A87B3C0036FBD3 /* SimpleTable.storyboard */ = {isa = PBXFileReference; lastKnownFileType = file.storyboard; path = SimpleTable.storyboard; sourceTree = "<group>"; };
		F5C79F3620A8AD420036FBD3 /* SimpleTableViewModel.swift */ = {isa = PBXFileReference; lastKnownFileType = sourcecode.swift; path = SimpleTableViewModel.swift; sourceTree = "<group>"; };
		F5E8DB7A20A528B100602E84 /* ViewModelType.swift */ = {isa = PBXFileReference; fileEncoding = 4; lastKnownFileType = sourcecode.swift; path = ViewModelType.swift; sourceTree = "<group>"; };
		F5E8DB7D20A528B200602E84 /* AdderViewModel.swift */ = {isa = PBXFileReference; fileEncoding = 4; lastKnownFileType = sourcecode.swift; path = AdderViewModel.swift; sourceTree = "<group>"; };
		F5E8DB7E20A528B200602E84 /* AdderViewController.swift */ = {isa = PBXFileReference; fileEncoding = 4; lastKnownFileType = sourcecode.swift; path = AdderViewController.swift; sourceTree = "<group>"; };
		F5E8DB7F20A528B200602E84 /* Adder.storyboard */ = {isa = PBXFileReference; fileEncoding = 4; lastKnownFileType = file.storyboard; path = Adder.storyboard; sourceTree = "<group>"; };
		F5E8DB8620A52A0900602E84 /* Validation.storyboard */ = {isa = PBXFileReference; lastKnownFileType = file.storyboard; path = Validation.storyboard; sourceTree = "<group>"; };
		F5E8DB8820A52BD400602E84 /* ValidationViewController.swift */ = {isa = PBXFileReference; lastKnownFileType = sourcecode.swift; path = ValidationViewController.swift; sourceTree = "<group>"; };
/* End PBXFileReference section */

/* Begin PBXFrameworksBuildPhase section */
		F53327BD20A5266B00CEF64F /* Frameworks */ = {
			isa = PBXFrameworksBuildPhase;
			buildActionMask = 2147483647;
			files = (
				997DEC9BFE6D3B059AC85C88 /* Pods_RxExamples.framework in Frameworks */,
			);
			runOnlyForDeploymentPostprocessing = 0;
		};
		F53327D120A5266C00CEF64F /* Frameworks */ = {
			isa = PBXFrameworksBuildPhase;
			buildActionMask = 2147483647;
			files = (
				E373DE8DFB244190B63F7790 /* Pods_RxExamplesTests.framework in Frameworks */,
			);
			runOnlyForDeploymentPostprocessing = 0;
		};
/* End PBXFrameworksBuildPhase section */

/* Begin PBXGroup section */
		A4697554EBEB5852FE0F6FC7 /* Frameworks */ = {
			isa = PBXGroup;
			children = (
				34AFA20E79C0E148422A7670 /* Pods_RxExamples.framework */,
				17F765ED90C1D151C985FEF4 /* Pods_RxExamplesTests.framework */,
			);
			name = Frameworks;
			sourceTree = "<group>";
		};
		B4F7C7751D5C74CF021AECD8 /* Pods */ = {
			isa = PBXGroup;
			children = (
				9CB40E325308B7DB67E26C72 /* Pods-RxExamples.debug.xcconfig */,
				BD9AEA3C93F4A48C1530920C /* Pods-RxExamples.release.xcconfig */,
				E841AE4227E1307CAFD8D77C /* Pods-RxExamplesTests.debug.xcconfig */,
				F2B62AE331BB5932A31EFE89 /* Pods-RxExamplesTests.release.xcconfig */,
			);
			name = Pods;
			sourceTree = "<group>";
		};
		F53327B720A5266B00CEF64F = {
			isa = PBXGroup;
			children = (
				F53327C220A5266B00CEF64F /* RxExamples */,
				F53327D720A5266C00CEF64F /* RxExamplesTests */,
				F53327C120A5266B00CEF64F /* Products */,
				B4F7C7751D5C74CF021AECD8 /* Pods */,
				A4697554EBEB5852FE0F6FC7 /* Frameworks */,
			);
			sourceTree = "<group>";
		};
		F53327C120A5266B00CEF64F /* Products */ = {
			isa = PBXGroup;
			children = (
				F53327C020A5266B00CEF64F /* RxExamples.app */,
				F53327D420A5266C00CEF64F /* RxExamplesTests.xctest */,
			);
			name = Products;
			sourceTree = "<group>";
		};
		F53327C220A5266B00CEF64F /* RxExamples */ = {
			isa = PBXGroup;
			children = (
				F5E8DB7820A5281100602E84 /* Assets */,
				F593888F20A5357400EF362B /* Extensions */,
				F5E8DB7B20A528B200602E84 /* Views */,
				F5E8DB7920A528B100602E84 /* Protocols */,
				F53327C320A5266B00CEF64F /* AppDelegate.swift */,
			);
			path = RxExamples;
			sourceTree = "<group>";
		};
		F53327D720A5266C00CEF64F /* RxExamplesTests */ = {
			isa = PBXGroup;
			children = (
				F550611920AB850A00E072CF /* Assets */,
				F550611A20AB853B00E072CF /* Extensions */,
				F550611820AB850200E072CF /* Tests */,
			);
			path = RxExamplesTests;
			sourceTree = "<group>";
		};
		F550611820AB850200E072CF /* Tests */ = {
			isa = PBXGroup;
			children = (
				F550611E20AB860500E072CF /* BaseTestCase.swift */,
				F53327D820A5266C00CEF64F /* AdderTests.swift */,
				F57E90A520AA22FA008FF025 /* ValidationTests.swift */,
			);
			path = Tests;
			sourceTree = "<group>";
		};
		F550611920AB850A00E072CF /* Assets */ = {
			isa = PBXGroup;
			children = (
				F53327DA20A5266C00CEF64F /* Info.plist */,
			);
			path = Assets;
			sourceTree = "<group>";
		};
		F550611A20AB853B00E072CF /* Extensions */ = {
			isa = PBXGroup;
			children = (
				F550611B20AB855000E072CF /* TestScheduler+Extensions.swift */,
			);
			path = Extensions;
			sourceTree = "<group>";
		};
		F568813020B30FC700E2CFE2 /* Pokemon */ = {
			isa = PBXGroup;
			children = (
				F568813120B30FD700E2CFE2 /* Pokemon.storyboard */,
				F568813920B3136F00E2CFE2 /* PokemonAPI.swift */,
				F568813720B3101800E2CFE2 /* PokemonUI.swift */,
				F568813520B3101100E2CFE2 /* PokemonViewModel.swift */,
				F568813320B30FED00E2CFE2 /* PokemonViewController.swift */,
			);
			path = Pokemon;
			sourceTree = "<group>";
		};
		F593888F20A5357400EF362B /* Extensions */ = {
			isa = PBXGroup;
			children = (
				F5A3C6EE20A68F65001C9AA9 /* Observable+Extensions.swift */,
				F593889720A5481A00EF362B /* UIButton+Extensions.swift */,
				F593889020A5358700EF362B /* UILabel+Extensions.swift */,
			);
			path = Extensions;
			sourceTree = "<group>";
		};
		F593889B20A54BBF00EF362B /* Base */ = {
			isa = PBXGroup;
			children = (
				F593889920A54BB800EF362B /* BaseViewController.swift */,
			);
			path = Base;
			sourceTree = "<group>";
		};
		F5A3C6E020A66889001C9AA9 /* Counter */ = {
			isa = PBXGroup;
			children = (
				F5A3C6E320A668C3001C9AA9 /* Counter.storyboard */,
				F5A3C6E620A67D60001C9AA9 /* CounterUI.swift */,
				F5A3C6E120A66898001C9AA9 /* CounterViewController.swift */,
				F5A3C6E820A67E06001C9AA9 /* CounterViewModel.swift */,
				F5A3C6EC20A682F2001C9AA9 /* CounterFeedback.swift */,
			);
			path = Counter;
			sourceTree = "<group>";
		};
		F5C79F2F20A87AD10036FBD3 /* Table Views */ = {
			isa = PBXGroup;
			children = (
				F5C79F3420A87B3C0036FBD3 /* SimpleTable.storyboard */,
				F5C79F3620A8AD420036FBD3 /* SimpleTableViewModel.swift */,
				F5C79F3220A87B130036FBD3 /* SimpleTableViewController.swift */,
			);
			path = "Table Views";
			sourceTree = "<group>";
		};
		F5C79F3020A87AE60036FBD3 /* Simple */ = {
			isa = PBXGroup;
			children = (
				F5E8DB7C20A528B200602E84 /* Adder */,
				F5E8DB8520A529F400602E84 /* Validation */,
			);
			path = Simple;
			sourceTree = "<group>";
		};
		F5C79F3120A87AF40036FBD3 /* Feedback */ = {
			isa = PBXGroup;
			children = (
				F5A3C6E020A66889001C9AA9 /* Counter */,
			);
			path = Feedback;
			sourceTree = "<group>";
		};
		F5E8DB7820A5281100602E84 /* Assets */ = {
			isa = PBXGroup;
			children = (
				F53327C720A5266B00CEF64F /* Main.storyboard */,
				F53327CA20A5266C00CEF64F /* Assets.xcassets */,
				F53327CC20A5266C00CEF64F /* LaunchScreen.storyboard */,
				F53327CF20A5266C00CEF64F /* Info.plist */,
			);
			path = Assets;
			sourceTree = "<group>";
		};
		F5E8DB7920A528B100602E84 /* Protocols */ = {
			isa = PBXGroup;
			children = (
				F5E8DB7A20A528B100602E84 /* ViewModelType.swift */,
			);
			path = Protocols;
			sourceTree = "<group>";
		};
		F5E8DB7B20A528B200602E84 /* Views */ = {
			isa = PBXGroup;
			children = (
				F593889B20A54BBF00EF362B /* Base */,
				F5C79F3120A87AF40036FBD3 /* Feedback */,
				F5C79F3020A87AE60036FBD3 /* Simple */,
				F5C79F2F20A87AD10036FBD3 /* Table Views */,
				F568813020B30FC700E2CFE2 /* Pokemon */,
			);
			path = Views;
			sourceTree = "<group>";
		};
		F5E8DB7C20A528B200602E84 /* Adder */ = {
			isa = PBXGroup;
			children = (
				F5E8DB7F20A528B200602E84 /* Adder.storyboard */,
				F5E8DB7D20A528B200602E84 /* AdderViewModel.swift */,
				F5E8DB7E20A528B200602E84 /* AdderViewController.swift */,
				F593889C20A54CC100EF362B /* AdderUI.swift */,
			);
			path = Adder;
			sourceTree = "<group>";
		};
		F5E8DB8520A529F400602E84 /* Validation */ = {
			isa = PBXGroup;
			children = (
				F5E8DB8620A52A0900602E84 /* Validation.storyboard */,
				F5E8DB8820A52BD400602E84 /* ValidationViewController.swift */,
				F593889220A5390B00EF362B /* ValidationViewModel.swift */,
				F593889520A545DB00EF362B /* ValidationUI.swift */,
			);
			path = Validation;
			sourceTree = "<group>";
		};
/* End PBXGroup section */

/* Begin PBXNativeTarget section */
		F53327BF20A5266B00CEF64F /* RxExamples */ = {
			isa = PBXNativeTarget;
			buildConfigurationList = F53327DD20A5266C00CEF64F /* Build configuration list for PBXNativeTarget "RxExamples" */;
			buildPhases = (
				5AFCBB763AEC3D167A8950DD /* [CP] Check Pods Manifest.lock */,
				F53327BC20A5266B00CEF64F /* Sources */,
				F53327BD20A5266B00CEF64F /* Frameworks */,
				F53327BE20A5266B00CEF64F /* Resources */,
				699EB2EA1162106E625107D7 /* [CP] Embed Pods Frameworks */,
				D62A54245C614FF8916F889B /* [CP] Copy Pods Resources */,
			);
			buildRules = (
			);
			dependencies = (
			);
			name = RxExamples;
			productName = RxExamples;
			productReference = F53327C020A5266B00CEF64F /* RxExamples.app */;
			productType = "com.apple.product-type.application";
		};
		F53327D320A5266C00CEF64F /* RxExamplesTests */ = {
			isa = PBXNativeTarget;
			buildConfigurationList = F53327E020A5266C00CEF64F /* Build configuration list for PBXNativeTarget "RxExamplesTests" */;
			buildPhases = (
				7E307D38E170CF41A09E8A75 /* [CP] Check Pods Manifest.lock */,
				F53327D020A5266C00CEF64F /* Sources */,
				F53327D120A5266C00CEF64F /* Frameworks */,
				F53327D220A5266C00CEF64F /* Resources */,
				322ACDDB6FBA68E5D7B814ED /* [CP] Embed Pods Frameworks */,
				CD538FDF1B39175942EB3D62 /* [CP] Copy Pods Resources */,
			);
			buildRules = (
			);
			dependencies = (
				F53327D620A5266C00CEF64F /* PBXTargetDependency */,
			);
			name = RxExamplesTests;
			productName = RxExamplesTests;
			productReference = F53327D420A5266C00CEF64F /* RxExamplesTests.xctest */;
			productType = "com.apple.product-type.bundle.unit-test";
		};
/* End PBXNativeTarget section */

/* Begin PBXProject section */
		F53327B820A5266B00CEF64F /* Project object */ = {
			isa = PBXProject;
			attributes = {
				LastSwiftUpdateCheck = 0930;
				LastUpgradeCheck = 0930;
				ORGANIZATIONNAME = "Jimmy Bouker";
				TargetAttributes = {
					F53327BF20A5266B00CEF64F = {
						CreatedOnToolsVersion = 9.3;
					};
					F53327D320A5266C00CEF64F = {
						CreatedOnToolsVersion = 9.3;
						TestTargetID = F53327BF20A5266B00CEF64F;
					};
				};
			};
			buildConfigurationList = F53327BB20A5266B00CEF64F /* Build configuration list for PBXProject "RxExamples" */;
			compatibilityVersion = "Xcode 9.3";
			developmentRegion = en;
			hasScannedForEncodings = 0;
			knownRegions = (
				en,
				Base,
			);
			mainGroup = F53327B720A5266B00CEF64F;
			productRefGroup = F53327C120A5266B00CEF64F /* Products */;
			projectDirPath = "";
			projectRoot = "";
			targets = (
				F53327BF20A5266B00CEF64F /* RxExamples */,
				F53327D320A5266C00CEF64F /* RxExamplesTests */,
			);
		};
/* End PBXProject section */

/* Begin PBXResourcesBuildPhase section */
		F53327BE20A5266B00CEF64F /* Resources */ = {
			isa = PBXResourcesBuildPhase;
			buildActionMask = 2147483647;
			files = (
				F53327CE20A5266C00CEF64F /* LaunchScreen.storyboard in Resources */,
				F53327CB20A5266C00CEF64F /* Assets.xcassets in Resources */,
				F568813220B30FD700E2CFE2 /* Pokemon.storyboard in Resources */,
				F53327C920A5266B00CEF64F /* Main.storyboard in Resources */,
				F5E8DB8720A52A0900602E84 /* Validation.storyboard in Resources */,
				F5E8DB8320A528B200602E84 /* Adder.storyboard in Resources */,
				F5A3C6E420A668C3001C9AA9 /* Counter.storyboard in Resources */,
				F5C79F3520A87B3C0036FBD3 /* SimpleTable.storyboard in Resources */,
			);
			runOnlyForDeploymentPostprocessing = 0;
		};
		F53327D220A5266C00CEF64F /* Resources */ = {
			isa = PBXResourcesBuildPhase;
			buildActionMask = 2147483647;
			files = (
			);
			runOnlyForDeploymentPostprocessing = 0;
		};
/* End PBXResourcesBuildPhase section */

/* Begin PBXShellScriptBuildPhase section */
		322ACDDB6FBA68E5D7B814ED /* [CP] Embed Pods Frameworks */ = {
			isa = PBXShellScriptBuildPhase;
			buildActionMask = 2147483647;
			files = (
			);
			inputPaths = (
				"${SRCROOT}/Pods/Target Support Files/Pods-RxExamplesTests/Pods-RxExamplesTests-frameworks.sh",
				"${BUILT_PRODUCTS_DIR}/RxSwift/RxSwift.framework",
				"${BUILT_PRODUCTS_DIR}/RxBlocking/RxBlocking.framework",
				"${BUILT_PRODUCTS_DIR}/RxTest/RxTest.framework",
			);
			name = "[CP] Embed Pods Frameworks";
			outputPaths = (
				"${TARGET_BUILD_DIR}/${FRAMEWORKS_FOLDER_PATH}/RxSwift.framework",
				"${TARGET_BUILD_DIR}/${FRAMEWORKS_FOLDER_PATH}/RxBlocking.framework",
				"${TARGET_BUILD_DIR}/${FRAMEWORKS_FOLDER_PATH}/RxTest.framework",
			);
			runOnlyForDeploymentPostprocessing = 0;
			shellPath = /bin/sh;
			shellScript = "\"${SRCROOT}/Pods/Target Support Files/Pods-RxExamplesTests/Pods-RxExamplesTests-frameworks.sh\"\n";
			showEnvVarsInLog = 0;
		};
		5AFCBB763AEC3D167A8950DD /* [CP] Check Pods Manifest.lock */ = {
			isa = PBXShellScriptBuildPhase;
			buildActionMask = 2147483647;
			files = (
			);
			inputPaths = (
				"${PODS_PODFILE_DIR_PATH}/Podfile.lock",
				"${PODS_ROOT}/Manifest.lock",
			);
			name = "[CP] Check Pods Manifest.lock";
			outputPaths = (
				"$(DERIVED_FILE_DIR)/Pods-RxExamples-checkManifestLockResult.txt",
			);
			runOnlyForDeploymentPostprocessing = 0;
			shellPath = /bin/sh;
			shellScript = "diff \"${PODS_PODFILE_DIR_PATH}/Podfile.lock\" \"${PODS_ROOT}/Manifest.lock\" > /dev/null\nif [ $? != 0 ] ; then\n    # print error to STDERR\n    echo \"error: The sandbox is not in sync with the Podfile.lock. Run 'pod install' or update your CocoaPods installation.\" >&2\n    exit 1\nfi\n# This output is used by Xcode 'outputs' to avoid re-running this script phase.\necho \"SUCCESS\" > \"${SCRIPT_OUTPUT_FILE_0}\"\n";
			showEnvVarsInLog = 0;
		};
		699EB2EA1162106E625107D7 /* [CP] Embed Pods Frameworks */ = {
			isa = PBXShellScriptBuildPhase;
			buildActionMask = 2147483647;
			files = (
			);
			inputPaths = (
				"${SRCROOT}/Pods/Target Support Files/Pods-RxExamples/Pods-RxExamples-frameworks.sh",
				"${BUILT_PRODUCTS_DIR}/Alamofire/Alamofire.framework",
				"${BUILT_PRODUCTS_DIR}/Moya/Moya.framework",
				"${BUILT_PRODUCTS_DIR}/Result/Result.framework",
				"${BUILT_PRODUCTS_DIR}/RxCocoa/RxCocoa.framework",
				"${BUILT_PRODUCTS_DIR}/RxFeedback/RxFeedback.framework",
				"${BUILT_PRODUCTS_DIR}/RxSwift/RxSwift.framework",
			);
			name = "[CP] Embed Pods Frameworks";
			outputPaths = (
				"${TARGET_BUILD_DIR}/${FRAMEWORKS_FOLDER_PATH}/Alamofire.framework",
				"${TARGET_BUILD_DIR}/${FRAMEWORKS_FOLDER_PATH}/Moya.framework",
				"${TARGET_BUILD_DIR}/${FRAMEWORKS_FOLDER_PATH}/Result.framework",
				"${TARGET_BUILD_DIR}/${FRAMEWORKS_FOLDER_PATH}/RxCocoa.framework",
				"${TARGET_BUILD_DIR}/${FRAMEWORKS_FOLDER_PATH}/RxFeedback.framework",
				"${TARGET_BUILD_DIR}/${FRAMEWORKS_FOLDER_PATH}/RxSwift.framework",
			);
			runOnlyForDeploymentPostprocessing = 0;
			shellPath = /bin/sh;
			shellScript = "\"${SRCROOT}/Pods/Target Support Files/Pods-RxExamples/Pods-RxExamples-frameworks.sh\"\n";
			showEnvVarsInLog = 0;
		};
		7E307D38E170CF41A09E8A75 /* [CP] Check Pods Manifest.lock */ = {
			isa = PBXShellScriptBuildPhase;
			buildActionMask = 2147483647;
			files = (
			);
			inputPaths = (
				"${PODS_PODFILE_DIR_PATH}/Podfile.lock",
				"${PODS_ROOT}/Manifest.lock",
			);
			name = "[CP] Check Pods Manifest.lock";
			outputPaths = (
				"$(DERIVED_FILE_DIR)/Pods-RxExamplesTests-checkManifestLockResult.txt",
			);
			runOnlyForDeploymentPostprocessing = 0;
			shellPath = /bin/sh;
			shellScript = "diff \"${PODS_PODFILE_DIR_PATH}/Podfile.lock\" \"${PODS_ROOT}/Manifest.lock\" > /dev/null\nif [ $? != 0 ] ; then\n    # print error to STDERR\n    echo \"error: The sandbox is not in sync with the Podfile.lock. Run 'pod install' or update your CocoaPods installation.\" >&2\n    exit 1\nfi\n# This output is used by Xcode 'outputs' to avoid re-running this script phase.\necho \"SUCCESS\" > \"${SCRIPT_OUTPUT_FILE_0}\"\n";
			showEnvVarsInLog = 0;
		};
		CD538FDF1B39175942EB3D62 /* [CP] Copy Pods Resources */ = {
			isa = PBXShellScriptBuildPhase;
			buildActionMask = 2147483647;
			files = (
			);
			inputPaths = (
			);
			name = "[CP] Copy Pods Resources";
			outputPaths = (
			);
			runOnlyForDeploymentPostprocessing = 0;
			shellPath = /bin/sh;
			shellScript = "\"${SRCROOT}/Pods/Target Support Files/Pods-RxExamplesTests/Pods-RxExamplesTests-resources.sh\"\n";
			showEnvVarsInLog = 0;
		};
		D62A54245C614FF8916F889B /* [CP] Copy Pods Resources */ = {
			isa = PBXShellScriptBuildPhase;
			buildActionMask = 2147483647;
			files = (
			);
			inputPaths = (
			);
			name = "[CP] Copy Pods Resources";
			outputPaths = (
			);
			runOnlyForDeploymentPostprocessing = 0;
			shellPath = /bin/sh;
			shellScript = "\"${SRCROOT}/Pods/Target Support Files/Pods-RxExamples/Pods-RxExamples-resources.sh\"\n";
			showEnvVarsInLog = 0;
		};
/* End PBXShellScriptBuildPhase section */

/* Begin PBXSourcesBuildPhase section */
		F53327BC20A5266B00CEF64F /* Sources */ = {
			isa = PBXSourcesBuildPhase;
			buildActionMask = 2147483647;
			files = (
				F5C79F3320A87B130036FBD3 /* SimpleTableViewController.swift in Sources */,
				F5A3C6EF20A68F65001C9AA9 /* Observable+Extensions.swift in Sources */,
				F568813A20B3136F00E2CFE2 /* PokemonAPI.swift in Sources */,
				F593889120A5358700EF362B /* UILabel+Extensions.swift in Sources */,
				F593889320A5390B00EF362B /* ValidationViewModel.swift in Sources */,
				F5E8DB8020A528B200602E84 /* ViewModelType.swift in Sources */,
				F5A3C6E920A67E06001C9AA9 /* CounterViewModel.swift in Sources */,
				F568813620B3101100E2CFE2 /* PokemonViewModel.swift in Sources */,
				F568813820B3101800E2CFE2 /* PokemonUI.swift in Sources */,
				F53327C420A5266B00CEF64F /* AppDelegate.swift in Sources */,
				F5A3C6ED20A682F3001C9AA9 /* CounterFeedback.swift in Sources */,
				F593889820A5481A00EF362B /* UIButton+Extensions.swift in Sources */,
				F568813420B30FEE00E2CFE2 /* PokemonViewController.swift in Sources */,
				F593889A20A54BB800EF362B /* BaseViewController.swift in Sources */,
				F5E8DB8120A528B200602E84 /* AdderViewModel.swift in Sources */,
				F5E8DB8220A528B200602E84 /* AdderViewController.swift in Sources */,
				F593889620A545DB00EF362B /* ValidationUI.swift in Sources */,
				F5A3C6E220A66898001C9AA9 /* CounterViewController.swift in Sources */,
				F593889D20A54CC100EF362B /* AdderUI.swift in Sources */,
				F5E8DB8920A52BD400602E84 /* ValidationViewController.swift in Sources */,
				F5A3C6E720A67D60001C9AA9 /* CounterUI.swift in Sources */,
				F5C79F3720A8AD420036FBD3 /* SimpleTableViewModel.swift in Sources */,
			);
			runOnlyForDeploymentPostprocessing = 0;
		};
		F53327D020A5266C00CEF64F /* Sources */ = {
			isa = PBXSourcesBuildPhase;
			buildActionMask = 2147483647;
			files = (
				F550611F20AB860500E072CF /* BaseTestCase.swift in Sources */,
				F57E90A620AA22FA008FF025 /* ValidationTests.swift in Sources */,
				F550611C20AB855000E072CF /* TestScheduler+Extensions.swift in Sources */,
				F53327D920A5266C00CEF64F /* AdderTests.swift in Sources */,
			);
			runOnlyForDeploymentPostprocessing = 0;
		};
/* End PBXSourcesBuildPhase section */

/* Begin PBXTargetDependency section */
		F53327D620A5266C00CEF64F /* PBXTargetDependency */ = {
			isa = PBXTargetDependency;
			target = F53327BF20A5266B00CEF64F /* RxExamples */;
			targetProxy = F53327D520A5266C00CEF64F /* PBXContainerItemProxy */;
		};
/* End PBXTargetDependency section */

/* Begin PBXVariantGroup section */
		F53327C720A5266B00CEF64F /* Main.storyboard */ = {
			isa = PBXVariantGroup;
			children = (
				F53327C820A5266B00CEF64F /* Base */,
			);
			name = Main.storyboard;
			sourceTree = "<group>";
		};
		F53327CC20A5266C00CEF64F /* LaunchScreen.storyboard */ = {
			isa = PBXVariantGroup;
			children = (
				F53327CD20A5266C00CEF64F /* Base */,
			);
			name = LaunchScreen.storyboard;
			sourceTree = "<group>";
		};
/* End PBXVariantGroup section */

/* Begin XCBuildConfiguration section */
		F53327DB20A5266C00CEF64F /* Debug */ = {
			isa = XCBuildConfiguration;
			buildSettings = {
				ALWAYS_SEARCH_USER_PATHS = NO;
				CLANG_ANALYZER_NONNULL = YES;
				CLANG_ANALYZER_NUMBER_OBJECT_CONVERSION = YES_AGGRESSIVE;
				CLANG_CXX_LANGUAGE_STANDARD = "gnu++14";
				CLANG_CXX_LIBRARY = "libc++";
				CLANG_ENABLE_MODULES = YES;
				CLANG_ENABLE_OBJC_ARC = YES;
				CLANG_ENABLE_OBJC_WEAK = YES;
				CLANG_WARN_BLOCK_CAPTURE_AUTORELEASING = YES;
				CLANG_WARN_BOOL_CONVERSION = YES;
				CLANG_WARN_COMMA = YES;
				CLANG_WARN_CONSTANT_CONVERSION = YES;
				CLANG_WARN_DEPRECATED_OBJC_IMPLEMENTATIONS = YES;
				CLANG_WARN_DIRECT_OBJC_ISA_USAGE = YES_ERROR;
				CLANG_WARN_DOCUMENTATION_COMMENTS = YES;
				CLANG_WARN_EMPTY_BODY = YES;
				CLANG_WARN_ENUM_CONVERSION = YES;
				CLANG_WARN_INFINITE_RECURSION = YES;
				CLANG_WARN_INT_CONVERSION = YES;
				CLANG_WARN_NON_LITERAL_NULL_CONVERSION = YES;
				CLANG_WARN_OBJC_IMPLICIT_RETAIN_SELF = YES;
				CLANG_WARN_OBJC_LITERAL_CONVERSION = YES;
				CLANG_WARN_OBJC_ROOT_CLASS = YES_ERROR;
				CLANG_WARN_RANGE_LOOP_ANALYSIS = YES;
				CLANG_WARN_STRICT_PROTOTYPES = YES;
				CLANG_WARN_SUSPICIOUS_MOVE = YES;
				CLANG_WARN_UNGUARDED_AVAILABILITY = YES_AGGRESSIVE;
				CLANG_WARN_UNREACHABLE_CODE = YES;
				CLANG_WARN__DUPLICATE_METHOD_MATCH = YES;
				CODE_SIGN_IDENTITY = "iPhone Developer";
				COPY_PHASE_STRIP = NO;
				DEBUG_INFORMATION_FORMAT = dwarf;
				ENABLE_STRICT_OBJC_MSGSEND = YES;
				ENABLE_TESTABILITY = YES;
				GCC_C_LANGUAGE_STANDARD = gnu11;
				GCC_DYNAMIC_NO_PIC = NO;
				GCC_NO_COMMON_BLOCKS = YES;
				GCC_OPTIMIZATION_LEVEL = 0;
				GCC_PREPROCESSOR_DEFINITIONS = (
					"DEBUG=1",
					"$(inherited)",
				);
				GCC_WARN_64_TO_32_BIT_CONVERSION = YES;
				GCC_WARN_ABOUT_RETURN_TYPE = YES_ERROR;
				GCC_WARN_UNDECLARED_SELECTOR = YES;
				GCC_WARN_UNINITIALIZED_AUTOS = YES_AGGRESSIVE;
				GCC_WARN_UNUSED_FUNCTION = YES;
				GCC_WARN_UNUSED_VARIABLE = YES;
				IPHONEOS_DEPLOYMENT_TARGET = 11.3;
				MTL_ENABLE_DEBUG_INFO = YES;
				ONLY_ACTIVE_ARCH = YES;
				SDKROOT = iphoneos;
				SWIFT_ACTIVE_COMPILATION_CONDITIONS = DEBUG;
				SWIFT_OPTIMIZATION_LEVEL = "-Onone";
			};
			name = Debug;
		};
		F53327DC20A5266C00CEF64F /* Release */ = {
			isa = XCBuildConfiguration;
			buildSettings = {
				ALWAYS_SEARCH_USER_PATHS = NO;
				CLANG_ANALYZER_NONNULL = YES;
				CLANG_ANALYZER_NUMBER_OBJECT_CONVERSION = YES_AGGRESSIVE;
				CLANG_CXX_LANGUAGE_STANDARD = "gnu++14";
				CLANG_CXX_LIBRARY = "libc++";
				CLANG_ENABLE_MODULES = YES;
				CLANG_ENABLE_OBJC_ARC = YES;
				CLANG_ENABLE_OBJC_WEAK = YES;
				CLANG_WARN_BLOCK_CAPTURE_AUTORELEASING = YES;
				CLANG_WARN_BOOL_CONVERSION = YES;
				CLANG_WARN_COMMA = YES;
				CLANG_WARN_CONSTANT_CONVERSION = YES;
				CLANG_WARN_DEPRECATED_OBJC_IMPLEMENTATIONS = YES;
				CLANG_WARN_DIRECT_OBJC_ISA_USAGE = YES_ERROR;
				CLANG_WARN_DOCUMENTATION_COMMENTS = YES;
				CLANG_WARN_EMPTY_BODY = YES;
				CLANG_WARN_ENUM_CONVERSION = YES;
				CLANG_WARN_INFINITE_RECURSION = YES;
				CLANG_WARN_INT_CONVERSION = YES;
				CLANG_WARN_NON_LITERAL_NULL_CONVERSION = YES;
				CLANG_WARN_OBJC_IMPLICIT_RETAIN_SELF = YES;
				CLANG_WARN_OBJC_LITERAL_CONVERSION = YES;
				CLANG_WARN_OBJC_ROOT_CLASS = YES_ERROR;
				CLANG_WARN_RANGE_LOOP_ANALYSIS = YES;
				CLANG_WARN_STRICT_PROTOTYPES = YES;
				CLANG_WARN_SUSPICIOUS_MOVE = YES;
				CLANG_WARN_UNGUARDED_AVAILABILITY = YES_AGGRESSIVE;
				CLANG_WARN_UNREACHABLE_CODE = YES;
				CLANG_WARN__DUPLICATE_METHOD_MATCH = YES;
				CODE_SIGN_IDENTITY = "iPhone Developer";
				COPY_PHASE_STRIP = NO;
				DEBUG_INFORMATION_FORMAT = "dwarf-with-dsym";
				ENABLE_NS_ASSERTIONS = NO;
				ENABLE_STRICT_OBJC_MSGSEND = YES;
				GCC_C_LANGUAGE_STANDARD = gnu11;
				GCC_NO_COMMON_BLOCKS = YES;
				GCC_WARN_64_TO_32_BIT_CONVERSION = YES;
				GCC_WARN_ABOUT_RETURN_TYPE = YES_ERROR;
				GCC_WARN_UNDECLARED_SELECTOR = YES;
				GCC_WARN_UNINITIALIZED_AUTOS = YES_AGGRESSIVE;
				GCC_WARN_UNUSED_FUNCTION = YES;
				GCC_WARN_UNUSED_VARIABLE = YES;
				IPHONEOS_DEPLOYMENT_TARGET = 11.3;
				MTL_ENABLE_DEBUG_INFO = NO;
				SDKROOT = iphoneos;
				SWIFT_COMPILATION_MODE = wholemodule;
				SWIFT_OPTIMIZATION_LEVEL = "-O";
				VALIDATE_PRODUCT = YES;
			};
			name = Release;
		};
		F53327DE20A5266C00CEF64F /* Debug */ = {
			isa = XCBuildConfiguration;
			baseConfigurationReference = 9CB40E325308B7DB67E26C72 /* Pods-RxExamples.debug.xcconfig */;
			buildSettings = {
				ASSETCATALOG_COMPILER_APPICON_NAME = AppIcon;
				CODE_SIGN_STYLE = Automatic;
				DEVELOPMENT_TEAM = "";
				INFOPLIST_FILE = "$(SRCROOT)/RxExamples/Assets/Info.plist";
				IPHONEOS_DEPLOYMENT_TARGET = 10.3;
				LD_RUNPATH_SEARCH_PATHS = (
					"$(inherited)",
					"@executable_path/Frameworks",
				);
				PRODUCT_BUNDLE_IDENTIFIER = com.JimmyBouker.RxExamples;
				PRODUCT_NAME = "$(TARGET_NAME)";
				SWIFT_VERSION = 4.0;
				TARGETED_DEVICE_FAMILY = "1,2";
			};
			name = Debug;
		};
		F53327DF20A5266C00CEF64F /* Release */ = {
			isa = XCBuildConfiguration;
			baseConfigurationReference = BD9AEA3C93F4A48C1530920C /* Pods-RxExamples.release.xcconfig */;
			buildSettings = {
				ASSETCATALOG_COMPILER_APPICON_NAME = AppIcon;
				CODE_SIGN_STYLE = Automatic;
				DEVELOPMENT_TEAM = "";
				INFOPLIST_FILE = "$(SRCROOT)/RxExamples/Assets/Info.plist";
				IPHONEOS_DEPLOYMENT_TARGET = 10.3;
				LD_RUNPATH_SEARCH_PATHS = (
					"$(inherited)",
					"@executable_path/Frameworks",
				);
				PRODUCT_BUNDLE_IDENTIFIER = com.JimmyBouker.RxExamples;
				PRODUCT_NAME = "$(TARGET_NAME)";
				SWIFT_VERSION = 4.0;
				TARGETED_DEVICE_FAMILY = "1,2";
			};
			name = Release;
		};
		F53327E120A5266C00CEF64F /* Debug */ = {
			isa = XCBuildConfiguration;
			baseConfigurationReference = E841AE4227E1307CAFD8D77C /* Pods-RxExamplesTests.debug.xcconfig */;
			buildSettings = {
				ALWAYS_EMBED_SWIFT_STANDARD_LIBRARIES = YES;
				BUNDLE_LOADER = "$(TEST_HOST)";
				CODE_SIGN_STYLE = Automatic;
				DEVELOPMENT_TEAM = 6KM367XE7J;
				INFOPLIST_FILE = RxExamplesTests/Assets/Info.plist;
				LD_RUNPATH_SEARCH_PATHS = (
					"$(inherited)",
					"@executable_path/Frameworks",
					"@loader_path/Frameworks",
				);
				PRODUCT_BUNDLE_IDENTIFIER = com.JimmyBouker.RxExamplesTests;
				PRODUCT_NAME = "$(TARGET_NAME)";
				SWIFT_VERSION = 4.0;
				TARGETED_DEVICE_FAMILY = "1,2";
				TEST_HOST = "$(BUILT_PRODUCTS_DIR)/RxExamples.app/RxExamples";
			};
			name = Debug;
		};
		F53327E220A5266C00CEF64F /* Release */ = {
			isa = XCBuildConfiguration;
			baseConfigurationReference = F2B62AE331BB5932A31EFE89 /* Pods-RxExamplesTests.release.xcconfig */;
			buildSettings = {
				ALWAYS_EMBED_SWIFT_STANDARD_LIBRARIES = YES;
				BUNDLE_LOADER = "$(TEST_HOST)";
				CODE_SIGN_STYLE = Automatic;
				DEVELOPMENT_TEAM = 6KM367XE7J;
				INFOPLIST_FILE = RxExamplesTests/Assets/Info.plist;
				LD_RUNPATH_SEARCH_PATHS = (
					"$(inherited)",
					"@executable_path/Frameworks",
					"@loader_path/Frameworks",
				);
				PRODUCT_BUNDLE_IDENTIFIER = com.JimmyBouker.RxExamplesTests;
				PRODUCT_NAME = "$(TARGET_NAME)";
				SWIFT_VERSION = 4.0;
				TARGETED_DEVICE_FAMILY = "1,2";
				TEST_HOST = "$(BUILT_PRODUCTS_DIR)/RxExamples.app/RxExamples";
			};
			name = Release;
		};
/* End XCBuildConfiguration section */

/* Begin XCConfigurationList section */
		F53327BB20A5266B00CEF64F /* Build configuration list for PBXProject "RxExamples" */ = {
			isa = XCConfigurationList;
			buildConfigurations = (
				F53327DB20A5266C00CEF64F /* Debug */,
				F53327DC20A5266C00CEF64F /* Release */,
			);
			defaultConfigurationIsVisible = 0;
			defaultConfigurationName = Release;
		};
		F53327DD20A5266C00CEF64F /* Build configuration list for PBXNativeTarget "RxExamples" */ = {
			isa = XCConfigurationList;
			buildConfigurations = (
				F53327DE20A5266C00CEF64F /* Debug */,
				F53327DF20A5266C00CEF64F /* Release */,
			);
			defaultConfigurationIsVisible = 0;
			defaultConfigurationName = Release;
		};
		F53327E020A5266C00CEF64F /* Build configuration list for PBXNativeTarget "RxExamplesTests" */ = {
			isa = XCConfigurationList;
			buildConfigurations = (
				F53327E120A5266C00CEF64F /* Debug */,
				F53327E220A5266C00CEF64F /* Release */,
			);
			defaultConfigurationIsVisible = 0;
			defaultConfigurationName = Release;
		};
/* End XCConfigurationList section */
	};
	rootObject = F53327B820A5266B00CEF64F /* Project object */;
}
